
Microsoft Visual Studio Solution File, Format Version 12.00
# Visual Studio 14
VisualStudioVersion = 14.0.23107.0
MinimumVisualStudioVersion = 10.0.40219.1
Project("{2150E333-8FDC-42A3-9474-1A3956D46DE8}") = "Web", "Web", "{62E6D308-C71B-4C72-8C2D-428D07C69757}"
EndProject
Project("{2150E333-8FDC-42A3-9474-1A3956D46DE8}") = "Data", "Data", "{F5DC768D-38A4-49CE-8A00-F32A1E3DF6C0}"
EndProject
Project("{FAE04EC0-301F-11D3-BF4B-00C04F79EFBC}") = "TaskListPortal.Models", "Data\TaskListPortal.Models\TaskListPortal.Models.csproj", "{ED37DF3D-CB34-4BA4-B9B6-AE112411139E}"
EndProject
Project("{FAE04EC0-301F-11D3-BF4B-00C04F79EFBC}") = "TaskListPortal.Data", "Data\TaskListPortal.Data\TaskListPortal.Data.csproj", "{78227295-D3A6-48FB-BB3A-CBE741CCD9C1}"
EndProject
Project("{FAE04EC0-301F-11D3-BF4B-00C04F79EFBC}") = "TaskListPortal.Common", "Data\TaskListPortal.Common\TaskListPortal.Common.csproj", "{69F61D89-DDF0-4F81-B86F-FD49D41D430B}"
EndProject
Project("{FAE04EC0-301F-11D3-BF4B-00C04F79EFBC}") = "TaskListPortal.MVC", "Web\TaskListPortal.MVC\TaskListPortal.MVC.csproj", "{409C01ED-A58E-455F-9474-FEB1CBEBF4D2}"
EndProject
Project("{FAE04EC0-301F-11D3-BF4B-00C04F79EFBC}") = "TaskListPortal.Web.Common", "Web\TaskListPortal.Web.Common\TaskListPortal.Web.Common.csproj", "{801D72C6-AAEF-486F-9261-6D34472AD944}"
EndProject
Project("{FAE04EC0-301F-11D3-BF4B-00C04F79EFBC}") = "TaskListPortal.WebApi", "Web\TaskListPortal.WebApi\TaskListPortal.WebApi.csproj", "{2DC9FE38-1759-4CEC-BC15-FE8C0FCB87DB}"
EndProject
Global
	GlobalSection(SolutionConfigurationPlatforms) = preSolution
		Debug|Any CPU = Debug|Any CPU
		Release|Any CPU = Release|Any CPU
	EndGlobalSection
	GlobalSection(ProjectConfigurationPlatforms) = postSolution
		{ED37DF3D-CB34-4BA4-B9B6-AE112411139E}.Debug|Any CPU.ActiveCfg = Debug|Any CPU
		{ED37DF3D-CB34-4BA4-B9B6-AE112411139E}.Debug|Any CPU.Build.0 = Debug|Any CPU
		{ED37DF3D-CB34-4BA4-B9B6-AE112411139E}.Release|Any CPU.ActiveCfg = Release|Any CPU
		{ED37DF3D-CB34-4BA4-B9B6-AE112411139E}.Release|Any CPU.Build.0 = Release|Any CPU
		{78227295-D3A6-48FB-BB3A-CBE741CCD9C1}.Debug|Any CPU.ActiveCfg = Debug|Any CPU
		{78227295-D3A6-48FB-BB3A-CBE741CCD9C1}.Debug|Any CPU.Build.0 = Debug|Any CPU
		{78227295-D3A6-48FB-BB3A-CBE741CCD9C1}.Release|Any CPU.ActiveCfg = Release|Any CPU
		{78227295-D3A6-48FB-BB3A-CBE741CCD9C1}.Release|Any CPU.Build.0 = Release|Any CPU
		{69F61D89-DDF0-4F81-B86F-FD49D41D430B}.Debug|Any CPU.ActiveCfg = Debug|Any CPU
		{69F61D89-DDF0-4F81-B86F-FD49D41D430B}.Debug|Any CPU.Build.0 = Debug|Any CPU
		{69F61D89-DDF0-4F81-B86F-FD49D41D430B}.Release|Any CPU.ActiveCfg = Release|Any CPU
		{69F61D89-DDF0-4F81-B86F-FD49D41D430B}.Release|Any CPU.Build.0 = Release|Any CPU
		{409C01ED-A58E-455F-9474-FEB1CBEBF4D2}.Debug|Any CPU.ActiveCfg = Debug|Any CPU
		{409C01ED-A58E-455F-9474-FEB1CBEBF4D2}.Debug|Any CPU.Build.0 = Debug|Any CPU
		{409C01ED-A58E-455F-9474-FEB1CBEBF4D2}.Release|Any CPU.ActiveCfg = Release|Any CPU
		{409C01ED-A58E-455F-9474-FEB1CBEBF4D2}.Release|Any CPU.Build.0 = Release|Any CPU
		{801D72C6-AAEF-486F-9261-6D34472AD944}.Debug|Any CPU.ActiveCfg = Debug|Any CPU
		{801D72C6-AAEF-486F-9261-6D34472AD944}.Debug|Any CPU.Build.0 = Debug|Any CPU
		{801D72C6-AAEF-486F-9261-6D34472AD944}.Release|Any CPU.ActiveCfg = Release|Any CPU
		{801D72C6-AAEF-486F-9261-6D34472AD944}.Release|Any CPU.Build.0 = Release|Any CPU
		{2DC9FE38-1759-4CEC-BC15-FE8C0FCB87DB}.Debug|Any CPU.ActiveCfg = Debug|Any CPU
		{2DC9FE38-1759-4CEC-BC15-FE8C0FCB87DB}.Debug|Any CPU.Build.0 = Debug|Any CPU
		{2DC9FE38-1759-4CEC-BC15-FE8C0FCB87DB}.Release|Any CPU.ActiveCfg = Release|Any CPU
		{2DC9FE38-1759-4CEC-BC15-FE8C0FCB87DB}.Release|Any CPU.Build.0 = Release|Any CPU
	EndGlobalSection
	GlobalSection(SolutionProperties) = preSolution
		HideSolutionNode = FALSE
	EndGlobalSection
	GlobalSection(NestedProjects) = preSolution
		{ED37DF3D-CB34-4BA4-B9B6-AE112411139E} = {F5DC768D-38A4-49CE-8A00-F32A1E3DF6C0}
		{78227295-D3A6-48FB-BB3A-CBE741CCD9C1} = {F5DC768D-38A4-49CE-8A00-F32A1E3DF6C0}
		{69F61D89-DDF0-4F81-B86F-FD49D41D430B} = {F5DC768D-38A4-49CE-8A00-F32A1E3DF6C0}
		{409C01ED-A58E-455F-9474-FEB1CBEBF4D2} = {62E6D308-C71B-4C72-8C2D-428D07C69757}
		{801D72C6-AAEF-486F-9261-6D34472AD944} = {62E6D308-C71B-4C72-8C2D-428D07C69757}
		{2DC9FE38-1759-4CEC-BC15-FE8C0FCB87DB} = {62E6D308-C71B-4C72-8C2D-428D07C69757}
	EndGlobalSection
EndGlobal
